PODS:
  - Alamofire (5.6.4)
  - KeychainAccess (4.2.2)
  - Kingfisher (7.8.1)
  - ObjectMapper (4.2.0)
  - ReachabilitySwift (5.0.0)
  - RNCryptor (5.1.0)
  - SDWebImage (5.16.0):
    - SDWebImage/Core (= 5.16.0)
  - SDWebImage/Core (5.16.0)
  - Starscream (3.1.1)
  - SwiftLinkPreview (3.1.0)
  - SwiftyJSON (5.0.1)
  - Tor (405.8.1)

DEPENDENCIES:
  - Alamofire (~> 5.6.4)
  - KeychainAccess
  - Kingfisher (~> 7.0)
  - ObjectMapper
  - ReachabilitySwift
  - RNCryptor (~> 5.0)
  - SDWebImage (~> 5.16.0)
  - Starscream (~> 3.1)
  - SwiftLinkPreview (~> 3.1.0)
  - SwiftyJSON
  - Tor (from `https://raw.githubusercontent.com/iCepa/Tor.framework/v405.8.1/Tor.podspec`)

SPEC REPOS:
  trunk:
    - Alamofire
    - KeychainAccess
    - Kingfisher
    - ObjectMapper
    - ReachabilitySwift
    - RNCryptor
    - SDWebImage
    - Starscream
    - SwiftLinkPreview
    - SwiftyJSON

EXTERNAL SOURCES:
  Tor:
    :podspec: https://raw.githubusercontent.com/iCepa/Tor.framework/v405.8.1/Tor.podspec

SPEC CHECKSUMS:
  Alamofire: 4e95d97098eacb88856099c4fc79b526a299e48c
  KeychainAccess: c0c4f7f38f6fc7bbe58f5702e25f7bd2f65abf51
  Kingfisher: 63f677311d36a3473f6b978584f8a3845d023dc5
  ObjectMapper: 1eb41f610210777375fa806bf161dc39fb832b81
  ReachabilitySwift: 985039c6f7b23a1da463388634119492ff86c825
  RNCryptor: a369134686cd2ad391323cc856b62e591193ba79
  SDWebImage: 2aea163b50bfcb569a2726b6a754c54a4506fcf6
  Starscream: 4bb2f9942274833f7b4d296a55504dcfc7edb7b0
  SwiftLinkPreview: 3d924eeaae8d17410a827a4b37675713af1a0a8a
  SwiftyJSON: 2f33a42c6fbc52764d96f13368585094bfd8aa5e
  Tor: fad2cec0e7ef5f889fecdaf69e5edd6df0438326

PODFILE CHECKSUM: 1c76b128a529143edd2c220554dedee090b0b113

COCOAPODS: 1.11.3
